{
  "name": "lisa.orbit",
  "version": "1.0.2",
  "lockfileVersion": 1,
  "requires": true,
  "dependencies": {
    "lisa.promise": {
      "version": "1.1.1",
      "resolved": "https://registry.npmjs.org/lisa.promise/-/lisa.promise-1.1.1.tgz",
      "integrity": "sha512-ptLW3LMQecIW3ZrM6w1D3Y4pEgjasvD2YBhiwdBmJp2BAG0cQx0Qjnih0hBjl+tCu8QQuXYhmBTFBakZjFrIjg==",
      "requires": {
        "promise-sequential": "^1.1.1"
      }
    },
    "lisa.utils": {
      "version": "git+https://github.com/apporoad/LiSA.utils.js.git#f199320262c7f648628c0d8a4b60461b7363b068",
      "from": "git+https://github.com/apporoad/LiSA.utils.js.git"
    },
    "promise-sequential": {
      "version": "1.1.1",
      "resolved": "https://registry.npmjs.org/promise-sequential/-/promise-sequential-1.1.1.tgz",
      "integrity": "sha1-956JUO+G56eoW/MgRSZDWS9tL7I="
    }
  }
}
